// !$*UTF8*$!
{
	archiveVersion = 1;
	classes = {
	};
	objectVersion = 55;
	objects = {

/* Begin PBXBuildFile section */
		43AF721427061E34000DEB32 /* AppDelegate.swift in Sources */ = {isa = PBXBuildFile; fileRef = 43AF721327061E34000DEB32 /* AppDelegate.swift */; };
		43AF721627061E34000DEB32 /* SceneDelegate.swift in Sources */ = {isa = PBXBuildFile; fileRef = 43AF721527061E34000DEB32 /* SceneDelegate.swift */; };
		43AF721827061E34000DEB32 /* ViewController.swift in Sources */ = {isa = PBXBuildFile; fileRef = 43AF721727061E34000DEB32 /* ViewController.swift */; };
		43AF721B27061E34000DEB32 /* Main.storyboard in Resources */ = {isa = PBXBuildFile; fileRef = 43AF721927061E34000DEB32 /* Main.storyboard */; };
		43AF721D27061E39000DEB32 /* Assets.xcassets in Resources */ = {isa = PBXBuildFile; fileRef = 43AF721C27061E39000DEB32 /* Assets.xcassets */; };
		43AF722027061E39000DEB32 /* LaunchScreen.storyboard in Resources */ = {isa = PBXBuildFile; fileRef = 43AF721E27061E39000DEB32 /* LaunchScreen.storyboard */; };
		43AF722B27061E3A000DEB32 /* agendaTableViewTests.swift in Sources */ = {isa = PBXBuildFile; fileRef = 43AF722A27061E3A000DEB32 /* agendaTableViewTests.swift */; };
		43AF723527061E3A000DEB32 /* agendaTableViewUITests.swift in Sources */ = {isa = PBXBuildFile; fileRef = 43AF723427061E3A000DEB32 /* agendaTableViewUITests.swift */; };
		43AF723727061E3A000DEB32 /* agendaTableViewUITestsLaunchTests.swift in Sources */ = {isa = PBXBuildFile; fileRef = 43AF723627061E3A000DEB32 /* agendaTableViewUITestsLaunchTests.swift */; };
		43AF7244270620C6000DEB32 /* AgendaTableViewCell.swift in Sources */ = {isa = PBXBuildFile; fileRef = 43AF7243270620C6000DEB32 /* AgendaTableViewCell.swift */; };
		43AF724627062493000DEB32 /* Contato.swift in Sources */ = {isa = PBXBuildFile; fileRef = 43AF724527062493000DEB32 /* Contato.swift */; };
		43AF724C27062975000DEB32 /* Service.swift in Sources */ = {isa = PBXBuildFile; fileRef = 43AF724B27062975000DEB32 /* Service.swift */; };
/* End PBXBuildFile section */

/* Begin PBXContainerItemProxy section */
		43AF722727061E3A000DEB32 /* PBXContainerItemProxy */ = {
			isa = PBXContainerItemProxy;
			containerPortal = 43AF720827061E34000DEB32 /* Project object */;
			proxyType = 1;
			remoteGlobalIDString = 43AF720F27061E34000DEB32;
			remoteInfo = agendaTableView;
		};
		43AF723127061E3A000DEB32 /* PBXContainerItemProxy */ = {
			isa = PBXContainerItemProxy;
			containerPortal = 43AF720827061E34000DEB32 /* Project object */;
			proxyType = 1;
			remoteGlobalIDString = 43AF720F27061E34000DEB32;
			remoteInfo = agendaTableView;
		};
/* End PBXContainerItemProxy section */

/* Begin PBXFileReference section */
		43AF721027061E34000DEB32 /* agendaTableView.app */ = {isa = PBXFileReference; explicitFileType = wrapper.application; includeInIndex = 0; path = agendaTableView.app; sourceTree = BUILT_PRODUCTS_DIR; };
		43AF721327061E34000DEB32 /* AppDelegate.swift */ = {isa = PBXFileReference; lastKnownFileType = sourcecode.swift; path = AppDelegate.swift; sourceTree = "<group>"; };
		43AF721527061E34000DEB32 /* SceneDelegate.swift */ = {isa = PBXFileReference; lastKnownFileType = sourcecode.swift; path = SceneDelegate.swift; sourceTree = "<group>"; };
		43AF721727061E34000DEB32 /* ViewController.swift */ = {isa = PBXFileReference; lastKnownFileType = sourcecode.swift; path = ViewController.swift; sourceTree = "<group>"; };
		43AF721A27061E34000DEB32 /* Base */ = {isa = PBXFileReference; lastKnownFileType = file.storyboard; name = Base; path = Base.lproj/Main.storyboard; sourceTree = "<group>"; };
		43AF721C27061E39000DEB32 /* Assets.xcassets */ = {isa = PBXFileReference; lastKnownFileType = folder.assetcatalog; path = Assets.xcassets; sourceTree = "<group>"; };
		43AF721F27061E39000DEB32 /* Base */ = {isa = PBXFileReference; lastKnownFileType = file.storyboard; name = Base; path = Base.lproj/LaunchScreen.storyboard; sourceTree = "<group>"; };
		43AF722127061E39000DEB32 /* Info.plist */ = {isa = PBXFileReference; lastKnownFileType = text.plist.xml; path = Info.plist; sourceTree = "<group>"; };
		43AF722627061E3A000DEB32 /* agendaTableViewTests.xctest */ = {isa = PBXFileReference; explicitFileType = wrapper.cfbundle; includeInIndex = 0; path = agendaTableViewTests.xctest; sourceTree = BUILT_PRODUCTS_DIR; };
		43AF722A27061E3A000DEB32 /* agendaTableViewTests.swift */ = {isa = PBXFileReference; lastKnownFileType = sourcecode.swift; path = agendaTableViewTests.swift; sourceTree = "<group>"; };
		43AF723027061E3A000DEB32 /* agendaTableViewUITests.xctest */ = {isa = PBXFileReference; explicitFileType = wrapper.cfbundle; includeInIndex = 0; path = agendaTableViewUITests.xctest; sourceTree = BUILT_PRODUCTS_DIR; };
		43AF723427061E3A000DEB32 /* agendaTableViewUITests.swift */ = {isa = PBXFileReference; lastKnownFileType = sourcecode.swift; path = agendaTableViewUITests.swift; sourceTree = "<group>"; };
		43AF723627061E3A000DEB32 /* agendaTableViewUITestsLaunchTests.swift */ = {isa = PBXFileReference; lastKnownFileType = sourcecode.swift; path = agendaTableViewUITestsLaunchTests.swift; sourceTree = "<group>"; };
		43AF7243270620C6000DEB32 /* AgendaTableViewCell.swift */ = {isa = PBXFileReference; lastKnownFileType = sourcecode.swift; path = AgendaTableViewCell.swift; sourceTree = "<group>"; };
		43AF724527062493000DEB32 /* Contato.swift */ = {isa = PBXFileReference; lastKnownFileType = sourcecode.swift; path = Contato.swift; sourceTree = "<group>"; };
		43AF724B27062975000DEB32 /* Service.swift */ = {isa = PBXFileReference; lastKnownFileType = sourcecode.swift; path = Service.swift; sourceTree = "<group>"; };
/* End PBXFileReference section */

/* Begin PBXFrameworksBuildPhase section */
		43AF720D27061E34000DEB32 /* Frameworks */ = {
			isa = PBXFrameworksBuildPhase;
			buildActionMask = 2147483647;
			files = (
			);
			runOnlyForDeploymentPostprocessing = 0;
		};
		43AF722327061E3A000DEB32 /* Frameworks */ = {
			isa = PBXFrameworksBuildPhase;
			buildActionMask = 2147483647;
			files = (
			);
			runOnlyForDeploymentPostprocessing = 0;
		};
		43AF722D27061E3A000DEB32 /* Frameworks */ = {
			isa = PBXFrameworksBuildPhase;
			buildActionMask = 2147483647;
			files = (
			);
			runOnlyForDeploymentPostprocessing = 0;
		};
/* End PBXFrameworksBuildPhase section */

/* Begin PBXGroup section */
		43AF720727061E34000DEB32 = {
			isa = PBXGroup;
			children = (
				43AF724A2706296A000DEB32 /* Data */,
				43AF72492706273C000DEB32 /* Controller */,
				43AF72482706272E000DEB32 /* Model */,
				43AF724727062710000DEB32 /* View */,
				43AF721227061E34000DEB32 /* agendaTableView */,
				43AF722927061E3A000DEB32 /* agendaTableViewTests */,
				43AF723327061E3A000DEB32 /* agendaTableViewUITests */,
				43AF721127061E34000DEB32 /* Products */,
			);
			sourceTree = "<group>";
		};
		43AF721127061E34000DEB32 /* Products */ = {
			isa = PBXGroup;
			children = (
				43AF721027061E34000DEB32 /* agendaTableView.app */,
				43AF722627061E3A000DEB32 /* agendaTableViewTests.xctest */,
				43AF723027061E3A000DEB32 /* agendaTableViewUITests.xctest */,
			);
			name = Products;
			sourceTree = "<group>";
		};
		43AF721227061E34000DEB32 /* agendaTableView */ = {
			isa = PBXGroup;
			children = (
				43AF721327061E34000DEB32 /* AppDelegate.swift */,
				43AF721527061E34000DEB32 /* SceneDelegate.swift */,
				43AF721727061E34000DEB32 /* ViewController.swift */,
				43AF721927061E34000DEB32 /* Main.storyboard */,
				43AF721C27061E39000DEB32 /* Assets.xcassets */,
				43AF721E27061E39000DEB32 /* LaunchScreen.storyboard */,
				43AF724527062493000DEB32 /* Contato.swift */,
				43AF722127061E39000DEB32 /* Info.plist */,
			);
			path = agendaTableView;
			sourceTree = "<group>";
		};
		43AF722927061E3A000DEB32 /* agendaTableViewTests */ = {
			isa = PBXGroup;
			children = (
				43AF722A27061E3A000DEB32 /* agendaTableViewTests.swift */,
			);
			path = agendaTableViewTests;
			sourceTree = "<group>";
		};
		43AF723327061E3A000DEB32 /* agendaTableViewUITests */ = {
			isa = PBXGroup;
			children = (
				43AF723427061E3A000DEB32 /* agendaTableViewUITests.swift */,
				43AF723627061E3A000DEB32 /* agendaTableViewUITestsLaunchTests.swift */,
			);
			path = agendaTableViewUITests;
			sourceTree = "<group>";
		};
		43AF724727062710000DEB32 /* View */ = {
			isa = PBXGroup;
			children = (
				43AF7243270620C6000DEB32 /* AgendaTableViewCell.swift */,
			);
			path = View;
			sourceTree = "<group>";
		};
		43AF72482706272E000DEB32 /* Model */ = {
			isa = PBXGroup;
			children = (
			);
			path = Model;
			sourceTree = "<group>";
		};
		43AF72492706273C000DEB32 /* Controller */ = {
			isa = PBXGroup;
			children = (
			);
			path = Controller;
			sourceTree = "<group>";
		};
		43AF724A2706296A000DEB32 /* Data */ = {
			isa = PBXGroup;
			children = (
				43AF724B27062975000DEB32 /* Service.swift */,
			);
			path = Data;
			sourceTree = "<group>";
		};
/* End PBXGroup section */

/* Begin PBXNativeTarget section */
		43AF720F27061E34000DEB32 /* agendaTableView */ = {
			isa = PBXNativeTarget;
			buildConfigurationList = 43AF723A27061E3A000DEB32 /* Build configuration list for PBXNativeTarget "agendaTableView" */;
			buildPhases = (
				43AF720C27061E34000DEB32 /* Sources */,
				43AF720D27061E34000DEB32 /* Frameworks */,
				43AF720E27061E34000DEB32 /* Resources */,
			);
			buildRules = (
			);
			dependencies = (
			);
			name = agendaTableView;
			productName = agendaTableView;
			productReference = 43AF721027061E34000DEB32 /* agendaTableView.app */;
			productType = "com.apple.product-type.application";
		};
		43AF722527061E3A000DEB32 /* agendaTableViewTests */ = {
			isa = PBXNativeTarget;
			buildConfigurationList = 43AF723D27061E3A000DEB32 /* Build configuration list for PBXNativeTarget "agendaTableViewTests" */;
			buildPhases = (
				43AF722227061E3A000DEB32 /* Sources */,
				43AF722327061E3A000DEB32 /* Frameworks */,
				43AF722427061E3A000DEB32 /* Resources */,
			);
			buildRules = (
			);
			dependencies = (
				43AF722827061E3A000DEB32 /* PBXTargetDependency */,
			);
			name = agendaTableViewTests;
			productName = agendaTableViewTests;
			productReference = 43AF722627061E3A000DEB32 /* agendaTableViewTests.xctest */;
			productType = "com.apple.product-type.bundle.unit-test";
		};
		43AF722F27061E3A000DEB32 /* agendaTableViewUITests */ = {
			isa = PBXNativeTarget;
			buildConfigurationList = 43AF724027061E3A000DEB32 /* Build configuration list for PBXNativeTarget "agendaTableViewUITests" */;
			buildPhases = (
				43AF722C27061E3A000DEB32 /* Sources */,
				43AF722D27061E3A000DEB32 /* Frameworks */,
				43AF722E27061E3A000DEB32 /* Resources */,
			);
			buildRules = (
			);
			dependencies = (
				43AF723227061E3A000DEB32 /* PBXTargetDependency */,
			);
			name = agendaTableViewUITests;
			productName = agendaTableViewUITests;
			productReference = 43AF723027061E3A000DEB32 /* agendaTableViewUITests.xctest */;
			productType = "com.apple.product-type.bundle.ui-testing";
		};
/* End PBXNativeTarget section */

/* Begin PBXProject section */
		43AF720827061E34000DEB32 /* Project object */ = {
			isa = PBXProject;
			attributes = {
				BuildIndependentTargetsInParallel = 1;
				LastSwiftUpdateCheck = 1300;
				LastUpgradeCheck = 1300;
				TargetAttributes = {
					43AF720F27061E34000DEB32 = {
						CreatedOnToolsVersion = 13.0;
					};
					43AF722527061E3A000DEB32 = {
						CreatedOnToolsVersion = 13.0;
						TestTargetID = 43AF720F27061E34000DEB32;
					};
					43AF722F27061E3A000DEB32 = {
						CreatedOnToolsVersion = 13.0;
						TestTargetID = 43AF720F27061E34000DEB32;
					};
				};
			};
			buildConfigurationList = 43AF720B27061E34000DEB32 /* Build configuration list for PBXProject "agendaTableView" */;
			compatibilityVersion = "Xcode 13.0";
			developmentRegion = en;
			hasScannedForEncodings = 0;
			knownRegions = (
				en,
				Base,
			);
			mainGroup = 43AF720727061E34000DEB32;
			productRefGroup = 43AF721127061E34000DEB32 /* Products */;
			projectDirPath = "";
			projectRoot = "";
			targets = (
				43AF720F27061E34000DEB32 /* agendaTableView */,
				43AF722527061E3A000DEB32 /* agendaTableViewTests */,
				43AF722F27061E3A000DEB32 /* agendaTableViewUITests */,
			);
		};
/* End PBXProject section */

/* Begin PBXResourcesBuildPhase section */
		43AF720E27061E34000DEB32 /* Resources */ = {
			isa = PBXResourcesBuildPhase;
			buildActionMask = 2147483647;
			files = (
				43AF722027061E39000DEB32 /* LaunchScreen.storyboard in Resources */,
				43AF721D27061E39000DEB32 /* Assets.xcassets in Resources */,
				43AF721B27061E34000DEB32 /* Main.storyboard in Resources */,
			);
			runOnlyForDeploymentPostprocessing = 0;
		};
		43AF722427061E3A000DEB32 /* Resources */ = {
			isa = PBXResourcesBuildPhase;
			buildActionMask = 2147483647;
			files = (
			);
			runOnlyForDeploymentPostprocessing = 0;
		};
		43AF722E27061E3A000DEB32 /* Resources */ = {
			isa = PBXResourcesBuildPhase;
			buildActionMask = 2147483647;
			files = (
			);
			runOnlyForDeploymentPostprocessing = 0;
		};
/* End PBXResourcesBuildPhase section */

/* Begin PBXSourcesBuildPhase section */
		43AF720C27061E34000DEB32 /* Sources */ = {
			isa = PBXSourcesBuildPhase;
			buildActionMask = 2147483647;
			files = (
				43AF721827061E34000DEB32 /* ViewController.swift in Sources */,
				43AF721427061E34000DEB32 /* AppDelegate.swift in Sources */,
				43AF721627061E34000DEB32 /* SceneDelegate.swift in Sources */,
				43AF724627062493000DEB32 /* Contato.swift in Sources */,
				43AF7244270620C6000DEB32 /* AgendaTableViewCell.swift in Sources */,
				43AF724C27062975000DEB32 /* Service.swift in Sources */,
			);
			runOnlyForDeploymentPostprocessing = 0;
		};
		43AF722227061E3A000DEB32 /* Sources */ = {
			isa = PBXSourcesBuildPhase;
			buildActionMask = 2147483647;
			files = (
				43AF722B27061E3A000DEB32 /* agendaTableViewTests.swift in Sources */,
			);
			runOnlyForDeploymentPostprocessing = 0;
		};
		43AF722C27061E3A000DEB32 /* Sources */ = {
			isa = PBXSourcesBuildPhase;
			buildActionMask = 2147483647;
			files = (
				43AF723727061E3A000DEB32 /* agendaTableViewUITestsLaunchTests.swift in Sources */,
				43AF723527061E3A000DEB32 /* agendaTableViewUITests.swift in Sources */,
			);
			runOnlyForDeploymentPostprocessing = 0;
		};
/* End PBXSourcesBuildPhase section */

/* Begin PBXTargetDependency section */
		43AF722827061E3A000DEB32 /* PBXTargetDependency */ = {
			isa = PBXTargetDependency;
			target = 43AF720F27061E34000DEB32 /* agendaTableView */;
			targetProxy = 43AF722727061E3A000DEB32 /* PBXContainerItemProxy */;
		};
		43AF723227061E3A000DEB32 /* PBXTargetDependency */ = {
			isa = PBXTargetDependency;
			target = 43AF720F27061E34000DEB32 /* agendaTableView */;
			targetProxy = 43AF723127061E3A000DEB32 /* PBXContainerItemProxy */;
		};
/* End PBXTargetDependency section */

/* Begin PBXVariantGroup section */
		43AF721927061E34000DEB32 /* Main.storyboard */ = {
			isa = PBXVariantGroup;
			children = (
				43AF721A27061E34000DEB32 /* Base */,
			);
			name = Main.storyboard;
			sourceTree = "<group>";
		};
		43AF721E27061E39000DEB32 /* LaunchScreen.storyboard */ = {
			isa = PBXVariantGroup;
			children = (
				43AF721F27061E39000DEB32 /* Base */,
			);
			name = LaunchScreen.storyboard;
			sourceTree = "<group>";
		};
/* End PBXVariantGroup section */

/* Begin XCBuildConfiguration section */
		43AF723827061E3A000DEB32 /* Debug */ = {
			isa = XCBuildConfiguration;
			buildSettings = {
				ALWAYS_SEARCH_USER_PATHS = NO;
				CLANG_ANALYZER_NONNULL = YES;
				CLANG_ANALYZER_NUMBER_OBJECT_CONVERSION = YES_AGGRESSIVE;
				CLANG_CXX_LANGUAGE_STANDARD = "gnu++17";
				CLANG_CXX_LIBRARY = "libc++";
				CLANG_ENABLE_MODULES = YES;
				CLANG_ENABLE_OBJC_ARC = YES;
				CLANG_ENABLE_OBJC_WEAK = YES;
				CLANG_WARN_BLOCK_CAPTURE_AUTORELEASING = YES;
				CLANG_WARN_BOOL_CONVERSION = YES;
				CLANG_WARN_COMMA = YES;
				CLANG_WARN_CONSTANT_CONVERSION = YES;
				CLANG_WARN_DEPRECATED_OBJC_IMPLEMENTATIONS = YES;
				CLANG_WARN_DIRECT_OBJC_ISA_USAGE = YES_ERROR;
				CLANG_WARN_DOCUMENTATION_COMMENTS = YES;
				CLANG_WARN_EMPTY_BODY = YES;
				CLANG_WARN_ENUM_CONVERSION = YES;
				CLANG_WARN_INFINITE_RECURSION = YES;
				CLANG_WARN_INT_CONVERSION = YES;
				CLANG_WARN_NON_LITERAL_NULL_CONVERSION = YES;
				CLANG_WARN_OBJC_IMPLICIT_RETAIN_SELF = YES;
				CLANG_WARN_OBJC_LITERAL_CONVERSION = YES;
				CLANG_WARN_OBJC_ROOT_CLASS = YES_ERROR;
				CLANG_WARN_QUOTED_INCLUDE_IN_FRAMEWORK_HEADER = YES;
				CLANG_WARN_RANGE_LOOP_ANALYSIS = YES;
				CLANG_WARN_STRICT_PROTOTYPES = YES;
				CLANG_WARN_SUSPICIOUS_MOVE = YES;
				CLANG_WARN_UNGUARDED_AVAILABILITY = YES_AGGRESSIVE;
				CLANG_WARN_UNREACHABLE_CODE = YES;
				CLANG_WARN__DUPLICATE_METHOD_MATCH = YES;
				COPY_PHASE_STRIP = NO;
				DEBUG_INFORMATION_FORMAT = dwarf;
				ENABLE_STRICT_OBJC_MSGSEND = YES;
				ENABLE_TESTABILITY = YES;
				GCC_C_LANGUAGE_STANDARD = gnu11;
				GCC_DYNAMIC_NO_PIC = NO;
				GCC_NO_COMMON_BLOCKS = YES;
				GCC_OPTIMIZATION_LEVEL = 0;
				GCC_PREPROCESSOR_DEFINITIONS = (
					"DEBUG=1",
					"$(inherited)",
				);
				GCC_WARN_64_TO_32_BIT_CONVERSION = YES;
				GCC_WARN_ABOUT_RETURN_TYPE = YES_ERROR;
				GCC_WARN_UNDECLARED_SELECTOR = YES;
				GCC_WARN_UNINITIALIZED_AUTOS = YES_AGGRESSIVE;
				GCC_WARN_UNUSED_FUNCTION = YES;
				GCC_WARN_UNUSED_VARIABLE = YES;
				IPHONEOS_DEPLOYMENT_TARGET = 15.0;
				MTL_ENABLE_DEBUG_INFO = INCLUDE_SOURCE;
				MTL_FAST_MATH = YES;
				ONLY_ACTIVE_ARCH = YES;
				SDKROOT = iphoneos;
				SWIFT_ACTIVE_COMPILATION_CONDITIONS = DEBUG;
				SWIFT_OPTIMIZATION_LEVEL = "-Onone";
			};
			name = Debug;
		};
		43AF723927061E3A000DEB32 /* Release */ = {
			isa = XCBuildConfiguration;
			buildSettings = {
				ALWAYS_SEARCH_USER_PATHS = NO;
				CLANG_ANALYZER_NONNULL = YES;
				CLANG_ANALYZER_NUMBER_OBJECT_CONVERSION = YES_AGGRESSIVE;
				CLANG_CXX_LANGUAGE_STANDARD = "gnu++17";
				CLANG_CXX_LIBRARY = "libc++";
				CLANG_ENABLE_MODULES = YES;
				CLANG_ENABLE_OBJC_ARC = YES;
				CLANG_ENABLE_OBJC_WEAK = YES;
				CLANG_WARN_BLOCK_CAPTURE_AUTORELEASING = YES;
				CLANG_WARN_BOOL_CONVERSION = YES;
				CLANG_WARN_COMMA = YES;
				CLANG_WARN_CONSTANT_CONVERSION = YES;
				CLANG_WARN_DEPRECATED_OBJC_IMPLEMENTATIONS = YES;
				CLANG_WARN_DIRECT_OBJC_ISA_USAGE = YES_ERROR;
				CLANG_WARN_DOCUMENTATION_COMMENTS = YES;
				CLANG_WARN_EMPTY_BODY = YES;
				CLANG_WARN_ENUM_CONVERSION = YES;
				CLANG_WARN_INFINITE_RECURSION = YES;
				CLANG_WARN_INT_CONVERSION = YES;
				CLANG_WARN_NON_LITERAL_NULL_CONVERSION = YES;
				CLANG_WARN_OBJC_IMPLICIT_RETAIN_SELF = YES;
				CLANG_WARN_OBJC_LITERAL_CONVERSION = YES;
				CLANG_WARN_OBJC_ROOT_CLASS = YES_ERROR;
				CLANG_WARN_QUOTED_INCLUDE_IN_FRAMEWORK_HEADER = YES;
				CLANG_WARN_RANGE_LOOP_ANALYSIS = YES;
				CLANG_WARN_STRICT_PROTOTYPES = YES;
				CLANG_WARN_SUSPICIOUS_MOVE = YES;
				CLANG_WARN_UNGUARDED_AVAILABILITY = YES_AGGRESSIVE;
				CLANG_WARN_UNREACHABLE_CODE = YES;
				CLANG_WARN__DUPLICATE_METHOD_MATCH = YES;
				COPY_PHASE_STRIP = NO;
				DEBUG_INFORMATION_FORMAT = "dwarf-with-dsym";
				ENABLE_NS_ASSERTIONS = NO;
				ENABLE_STRICT_OBJC_MSGSEND = YES;
				GCC_C_LANGUAGE_STANDARD = gnu11;
				GCC_NO_COMMON_BLOCKS = YES;
				GCC_WARN_64_TO_32_BIT_CONVERSION = YES;
				GCC_WARN_ABOUT_RETURN_TYPE = YES_ERROR;
				GCC_WARN_UNDECLARED_SELECTOR = YES;
				GCC_WARN_UNINITIALIZED_AUTOS = YES_AGGRESSIVE;
				GCC_WARN_UNUSED_FUNCTION = YES;
				GCC_WARN_UNUSED_VARIABLE = YES;
				IPHONEOS_DEPLOYMENT_TARGET = 15.0;
				MTL_ENABLE_DEBUG_INFO = NO;
				MTL_FAST_MATH = YES;
				SDKROOT = iphoneos;
				SWIFT_COMPILATION_MODE = wholemodule;
				SWIFT_OPTIMIZATION_LEVEL = "-O";
				VALIDATE_PRODUCT = YES;
			};
			name = Release;
		};
		43AF723B27061E3A000DEB32 /* Debug */ = {
			isa = XCBuildConfiguration;
			buildSettings = {
				ASSETCATALOG_COMPILER_APPICON_NAME = AppIcon;
				ASSETCATALOG_COMPILER_GLOBAL_ACCENT_COLOR_NAME = AccentColor;
				CODE_SIGN_STYLE = Automatic;
				CURRENT_PROJECT_VERSION = 1;
				DEVELOPMENT_TEAM = H23T9FBM6Q;
				GENERATE_INFOPLIST_FILE = YES;
				INFOPLIST_FILE = agendaTableView/Info.plist;
				INFOPLIST_KEY_UIApplicationSupportsIndirectInputEvents = YES;
				INFOPLIST_KEY_UILaunchStoryboardName = LaunchScreen;
				INFOPLIST_KEY_UIMainStoryboardFile = Main;
				INFOPLIST_KEY_UISupportedInterfaceOrientations_iPad = "UIInterfaceOrientationPortrait UIInterfaceOrientationPortraitUpsideDown UIInterfaceOrientationLandscapeLeft UIInterfaceOrientationLandscapeRight";
				INFOPLIST_KEY_UISupportedInterfaceOrientations_iPhone = "UIInterfaceOrientationPortrait UIInterfaceOrientationLandscapeLeft UIInterfaceOrientationLandscapeRight";
				LD_RUNPATH_SEARCH_PATHS = (
					"$(inherited)",
					"@executable_path/Frameworks",
				);
				MARKETING_VERSION = 1.0;
				PRODUCT_BUNDLE_IDENTIFIER = EduEscaleira.agendaTableView;
				PRODUCT_NAME = "$(TARGET_NAME)";
				SWIFT_EMIT_LOC_STRINGS = YES;
				SWIFT_VERSION = 5.0;
				TARGETED_DEVICE_FAMILY = "1,2";
			};
			name = Debug;
		};
		43AF723C27061E3A000DEB32 /* Release */ = {
			isa = XCBuildConfiguration;
			buildSettings = {
				ASSETCATALOG_COMPILER_APPICON_NAME = AppIcon;
				ASSETCATALOG_COMPILER_GLOBAL_ACCENT_COLOR_NAME = AccentColor;
				CODE_SIGN_STYLE = Automatic;
				CURRENT_PROJECT_VERSION = 1;
				DEVELOPMENT_TEAM = H23T9FBM6Q;
				GENERATE_INFOPLIST_FILE = YES;
				INFOPLIST_FILE = agendaTableView/Info.plist;
				INFOPLIST_KEY_UIApplicationSupportsIndirectInputEvents = YES;
				INFOPLIST_KEY_UILaunchStoryboardName = LaunchScreen;
				INFOPLIST_KEY_UIMainStoryboardFile = Main;
				INFOPLIST_KEY_UISupportedInterfaceOrientations_iPad = "UIInterfaceOrientationPortrait UIInterfaceOrientationPortraitUpsideDown UIInterfaceOrientationLandscapeLeft UIInterfaceOrientationLandscapeRight";
				INFOPLIST_KEY_UISupportedInterfaceOrientations_iPhone = "UIInterfaceOrientationPortrait UIInterfaceOrientationLandscapeLeft UIInterfaceOrientationLandscapeRight";
				LD_RUNPATH_SEARCH_PATHS = (
					"$(inherited)",
					"@executable_path/Frameworks",
				);
				MARKETING_VERSION = 1.0;
				PRODUCT_BUNDLE_IDENTIFIER = EduEscaleira.agendaTableView;
				PRODUCT_NAME = "$(TARGET_NAME)";
				SWIFT_EMIT_LOC_STRINGS = YES;
				SWIFT_VERSION = 5.0;
				TARGETED_DEVICE_FAMILY = "1,2";
			};
			name = Release;
		};
		43AF723E27061E3A000DEB32 /* Debug */ = {
			isa = XCBuildConfiguration;
			buildSettings = {
				ALWAYS_EMBED_SWIFT_STANDARD_LIBRARIES = YES;
				BUNDLE_LOADER = "$(TEST_HOST)";
				CODE_SIGN_STYLE = Automatic;
				CURRENT_PROJECT_VERSION = 1;
				DEVELOPMENT_TEAM = H23T9FBM6Q;
				GENERATE_INFOPLIST_FILE = YES;
				IPHONEOS_DEPLOYMENT_TARGET = 15.0;
				LD_RUNPATH_SEARCH_PATHS = (
					"$(inherited)",
					"@executable_path/Frameworks",
					"@loader_path/Frameworks",
				);
				MARKETING_VERSION = 1.0;
				PRODUCT_BUNDLE_IDENTIFIER = EduEscaleira.agendaTableViewTests;
				PRODUCT_NAME = "$(TARGET_NAME)";
				SWIFT_EMIT_LOC_STRINGS = NO;
				SWIFT_VERSION = 5.0;
				TARGETED_DEVICE_FAMILY = "1,2";
				TEST_HOST = "$(BUILT_PRODUCTS_DIR)/agendaTableView.app/agendaTableView";
			};
			name = Debug;
		};
		43AF723F27061E3A000DEB32 /* Release */ = {
			isa = XCBuildConfiguration;
			buildSettings = {
				ALWAYS_EMBED_SWIFT_STANDARD_LIBRARIES = YES;
				BUNDLE_LOADER = "$(TEST_HOST)";
				CODE_SIGN_STYLE = Automatic;
				CURRENT_PROJECT_VERSION = 1;
				DEVELOPMENT_TEAM = H23T9FBM6Q;
				GENERATE_INFOPLIST_FILE = YES;
				IPHONEOS_DEPLOYMENT_TARGET = 15.0;
				LD_RUNPATH_SEARCH_PATHS = (
					"$(inherited)",
					"@executable_path/Frameworks",
					"@loader_path/Frameworks",
				);
				MARKETING_VERSION = 1.0;
				PRODUCT_BUNDLE_IDENTIFIER = EduEscaleira.agendaTableViewTests;
				PRODUCT_NAME = "$(TARGET_NAME)";
				SWIFT_EMIT_LOC_STRINGS = NO;
				SWIFT_VERSION = 5.0;
				TARGETED_DEVICE_FAMILY = "1,2";
				TEST_HOST = "$(BUILT_PRODUCTS_DIR)/agendaTableView.app/agendaTableView";
			};
			name = Release;
		};
		43AF724127061E3A000DEB32 /* Debug */ = {
			isa = XCBuildConfiguration;
			buildSettings = {
				ALWAYS_EMBED_SWIFT_STANDARD_LIBRARIES = YES;
				CODE_SIGN_STYLE = Automatic;
				CURRENT_PROJECT_VERSION = 1;
				DEVELOPMENT_TEAM = H23T9FBM6Q;
				GENERATE_INFOPLIST_FILE = YES;
				LD_RUNPATH_SEARCH_PATHS = (
					"$(inherited)",
					"@executable_path/Frameworks",
					"@loader_path/Frameworks",
				);
				MARKETING_VERSION = 1.0;
				PRODUCT_BUNDLE_IDENTIFIER = EduEscaleira.agendaTableViewUITests;
				PRODUCT_NAME = "$(TARGET_NAME)";
				SWIFT_EMIT_LOC_STRINGS = NO;
				SWIFT_VERSION = 5.0;
				TARGETED_DEVICE_FAMILY = "1,2";
				TEST_TARGET_NAME = agendaTableView;
			};
			name = Debug;
		};
		43AF724227061E3A000DEB32 /* Release */ = {
			isa = XCBuildConfiguration;
			buildSettings = {
				ALWAYS_EMBED_SWIFT_STANDARD_LIBRARIES = YES;
				CODE_SIGN_STYLE = Automatic;
				CURRENT_PROJECT_VERSION = 1;
				DEVELOPMENT_TEAM = H23T9FBM6Q;
				GENERATE_INFOPLIST_FILE = YES;
				LD_RUNPATH_SEARCH_PATHS = (
					"$(inherited)",
					"@executable_path/Frameworks",
					"@loader_path/Frameworks",
				);
				MARKETING_VERSION = 1.0;
				PRODUCT_BUNDLE_IDENTIFIER = EduEscaleira.agendaTableViewUITests;
				PRODUCT_NAME = "$(TARGET_NAME)";
				SWIFT_EMIT_LOC_STRINGS = NO;
				SWIFT_VERSION = 5.0;
				TARGETED_DEVICE_FAMILY = "1,2";
				TEST_TARGET_NAME = agendaTableView;
			};
			name = Release;
		};
/* End XCBuildConfiguration section */

/* Begin XCConfigurationList section */
		43AF720B27061E34000DEB32 /* Build configuration list for PBXProject "agendaTableView" */ = {
			isa = XCConfigurationList;
			buildConfigurations = (
				43AF723827061E3A000DEB32 /* Debug */,
				43AF723927061E3A000DEB32 /* Release */,
			);
			defaultConfigurationIsVisible = 0;
			defaultConfigurationName = Release;
		};
		43AF723A27061E3A000DEB32 /* Build configuration list for PBXNativeTarget "agendaTableView" */ = {
			isa = XCConfigurationList;
			buildConfigurations = (
				43AF723B27061E3A000DEB32 /* Debug */,
				43AF723C27061E3A000DEB32 /* Release */,
			);
			defaultConfigurationIsVisible = 0;
			defaultConfigurationName = Release;
		};
		43AF723D27061E3A000DEB32 /* Build configuration list for PBXNativeTarget "agendaTableViewTests" */ = {
			isa = XCConfigurationList;
			buildConfigurations = (
				43AF723E27061E3A000DEB32 /* Debug */,
				43AF723F27061E3A000DEB32 /* Release */,
			);
			defaultConfigurationIsVisible = 0;
			defaultConfigurationName = Release;
		};
		43AF724027061E3A000DEB32 /* Build configuration list for PBXNativeTarget "agendaTableViewUITests" */ = {
			isa = XCConfigurationList;
			buildConfigurations = (
				43AF724127061E3A000DEB32 /* Debug */,
				43AF724227061E3A000DEB32 /* Release */,
			);
			defaultConfigurationIsVisible = 0;
			defaultConfigurationName = Release;
		};
/* End XCConfigurationList section */
	};
	rootObject = 43AF720827061E34000DEB32 /* Project object */;
}
